PODS:
  - YXJCycleView (0.0.1):
    - YXJPageController
  - YXJPageController (0.0.1)

DEPENDENCIES:
  - YXJCycleView (from `../`)

EXTERNAL SOURCES:
  YXJCycleView:
    :path: ../

SPEC CHECKSUMS:
  YXJCycleView: bc05f94965e05a859c7229351b88cb435775a0df
  YXJPageController: 3018b51bb233a74306693923bd09543049a262e9

PODFILE CHECKSUM: c9838efd0c1dbccb8f07f4f0b892bb206bdd6b7e

COCOAPODS: 1.0.1
