// !$*UTF8*$!
{
	archiveVersion = 1;
	classes = {
	};
	objectVersion = 46;
	objects = {

/* Begin PBXBuildFile section */
		99B2913BC341BB31959F8009 /* Pods_YXJCycleViewTest.framework in Frameworks */ = {isa = PBXBuildFile; fileRef = AE5C9F262C2CE3800F7B3CB3 /* Pods_YXJCycleViewTest.framework */; };
		DE3CC6951D5C438A00344B61 /* YXJCycleView1.gif in Resources */ = {isa = PBXBuildFile; fileRef = DE3CC6941D5C438A00344B61 /* YXJCycleView1.gif */; };
		DEC9D0B51D9EBD5700CE7C48 /* YXJCycleView ios.h in Headers */ = {isa = PBXBuildFile; fileRef = DEC9D0B31D9EBD5700CE7C48 /* YXJCycleView ios.h */; settings = {ATTRIBUTES = (Public, ); }; };
		DEC9D0B81D9EBD5700CE7C48 /* YXJCycleView.framework in Frameworks */ = {isa = PBXBuildFile; fileRef = DEC9D0B11D9EBD5700CE7C48 /* YXJCycleView.framework */; };
		DEC9D0B91D9EBD5700CE7C48 /* YXJCycleView.framework in Embed Frameworks */ = {isa = PBXBuildFile; fileRef = DEC9D0B11D9EBD5700CE7C48 /* YXJCycleView.framework */; settings = {ATTRIBUTES = (CodeSignOnCopy, RemoveHeadersOnCopy, ); }; };
		DEC9D0BE1D9EBD7F00CE7C48 /* Info.plist in Resources */ = {isa = PBXBuildFile; fileRef = DEC9D0BD1D9EBD7F00CE7C48 /* Info.plist */; };
		DEC9D0C71D9EBD9300CE7C48 /* NSData+YXJDataCache.h in Headers */ = {isa = PBXBuildFile; fileRef = DEC9D0BF1D9EBD9300CE7C48 /* NSData+YXJDataCache.h */; settings = {ATTRIBUTES = (Public, ); }; };
		DEC9D0C81D9EBD9300CE7C48 /* NSData+YXJDataCache.m in Sources */ = {isa = PBXBuildFile; fileRef = DEC9D0C01D9EBD9300CE7C48 /* NSData+YXJDataCache.m */; };
		DEC9D0C91D9EBD9300CE7C48 /* UIView+YXJExtension.h in Headers */ = {isa = PBXBuildFile; fileRef = DEC9D0C11D9EBD9300CE7C48 /* UIView+YXJExtension.h */; settings = {ATTRIBUTES = (Public, ); }; };
		DEC9D0CA1D9EBD9300CE7C48 /* UIView+YXJExtension.m in Sources */ = {isa = PBXBuildFile; fileRef = DEC9D0C21D9EBD9300CE7C48 /* UIView+YXJExtension.m */; };
		DEC9D0CB1D9EBD9300CE7C48 /* YXJCollectionViewCell.h in Headers */ = {isa = PBXBuildFile; fileRef = DEC9D0C31D9EBD9300CE7C48 /* YXJCollectionViewCell.h */; settings = {ATTRIBUTES = (Public, ); }; };
		DEC9D0CC1D9EBD9300CE7C48 /* YXJCollectionViewCell.m in Sources */ = {isa = PBXBuildFile; fileRef = DEC9D0C41D9EBD9300CE7C48 /* YXJCollectionViewCell.m */; };
		DEC9D0CD1D9EBD9300CE7C48 /* YXJCycleScrollView.h in Headers */ = {isa = PBXBuildFile; fileRef = DEC9D0C51D9EBD9300CE7C48 /* YXJCycleScrollView.h */; settings = {ATTRIBUTES = (Public, ); }; };
		DEC9D0CE1D9EBD9300CE7C48 /* YXJCycleScrollView.m in Sources */ = {isa = PBXBuildFile; fileRef = DEC9D0C61D9EBD9300CE7C48 /* YXJCycleScrollView.m */; };
		DEC9D0D71D9EBDA700CE7C48 /* YXJAbstractDotView.h in Headers */ = {isa = PBXBuildFile; fileRef = DEC9D0CF1D9EBDA700CE7C48 /* YXJAbstractDotView.h */; settings = {ATTRIBUTES = (Public, ); }; };
		DEC9D0D81D9EBDA700CE7C48 /* YXJAbstractDotView.m in Sources */ = {isa = PBXBuildFile; fileRef = DEC9D0D01D9EBDA700CE7C48 /* YXJAbstractDotView.m */; };
		DEC9D0D91D9EBDA700CE7C48 /* YXJAnimatedDotView.h in Headers */ = {isa = PBXBuildFile; fileRef = DEC9D0D11D9EBDA700CE7C48 /* YXJAnimatedDotView.h */; settings = {ATTRIBUTES = (Public, ); }; };
		DEC9D0DA1D9EBDA700CE7C48 /* YXJAnimatedDotView.m in Sources */ = {isa = PBXBuildFile; fileRef = DEC9D0D21D9EBDA700CE7C48 /* YXJAnimatedDotView.m */; };
		DEC9D0DB1D9EBDA700CE7C48 /* YXJDotView.h in Headers */ = {isa = PBXBuildFile; fileRef = DEC9D0D31D9EBDA700CE7C48 /* YXJDotView.h */; settings = {ATTRIBUTES = (Public, ); }; };
		DEC9D0DC1D9EBDA700CE7C48 /* YXJDotView.m in Sources */ = {isa = PBXBuildFile; fileRef = DEC9D0D41D9EBDA700CE7C48 /* YXJDotView.m */; };
		DEC9D0DD1D9EBDA700CE7C48 /* YXJPageControl.h in Headers */ = {isa = PBXBuildFile; fileRef = DEC9D0D51D9EBDA700CE7C48 /* YXJPageControl.h */; settings = {ATTRIBUTES = (Public, ); }; };
		DEC9D0DE1D9EBDA700CE7C48 /* YXJPageControl.m in Sources */ = {isa = PBXBuildFile; fileRef = DEC9D0D61D9EBDA700CE7C48 /* YXJPageControl.m */; };
		DED5D58F1D5B7B04005A7F67 /* AppDelegate.swift in Sources */ = {isa = PBXBuildFile; fileRef = DED5D58E1D5B7B04005A7F67 /* AppDelegate.swift */; };
		DED5D5911D5B7B04005A7F67 /* ViewController.swift in Sources */ = {isa = PBXBuildFile; fileRef = DED5D5901D5B7B04005A7F67 /* ViewController.swift */; };
		DED5D5941D5B7B04005A7F67 /* Main.storyboard in Resources */ = {isa = PBXBuildFile; fileRef = DED5D5921D5B7B04005A7F67 /* Main.storyboard */; };
		DED5D5961D5B7B04005A7F67 /* Assets.xcassets in Resources */ = {isa = PBXBuildFile; fileRef = DED5D5951D5B7B04005A7F67 /* Assets.xcassets */; };
		DED5D5991D5B7B04005A7F67 /* LaunchScreen.storyboard in Resources */ = {isa = PBXBuildFile; fileRef = DED5D5971D5B7B04005A7F67 /* LaunchScreen.storyboard */; };
/* End PBXBuildFile section */

/* Begin PBXContainerItemProxy section */
		DEC9D0B61D9EBD5700CE7C48 /* PBXContainerItemProxy */ = {
			isa = PBXContainerItemProxy;
			containerPortal = DED5D5831D5B7B04005A7F67 /* Project object */;
			proxyType = 1;
			remoteGlobalIDString = DEC9D0B01D9EBD5700CE7C48;
			remoteInfo = "YXJCycleView ios";
		};
/* End PBXContainerItemProxy section */

/* Begin PBXCopyFilesBuildPhase section */
		DEC9D0AB1D9EBD0200CE7C48 /* Embed Frameworks */ = {
			isa = PBXCopyFilesBuildPhase;
			buildActionMask = 2147483647;
			dstPath = "";
			dstSubfolderSpec = 10;
			files = (
				DEC9D0B91D9EBD5700CE7C48 /* YXJCycleView.framework in Embed Frameworks */,
			);
			name = "Embed Frameworks";
			runOnlyForDeploymentPostprocessing = 0;
		};
/* End PBXCopyFilesBuildPhase section */

/* Begin PBXFileReference section */
		48526E60BCABB1E619FFCEA8 /* Pods-YXJCycleViewTest.debug.xcconfig */ = {isa = PBXFileReference; includeInIndex = 1; lastKnownFileType = text.xcconfig; name = "Pods-YXJCycleViewTest.debug.xcconfig"; path = "Pods/Target Support Files/Pods-YXJCycleViewTest/Pods-YXJCycleViewTest.debug.xcconfig"; sourceTree = "<group>"; };
		7D9C50E8E3ED838B9890EF07 /* Pods-YXJCycleViewTest.release.xcconfig */ = {isa = PBXFileReference; includeInIndex = 1; lastKnownFileType = text.xcconfig; name = "Pods-YXJCycleViewTest.release.xcconfig"; path = "Pods/Target Support Files/Pods-YXJCycleViewTest/Pods-YXJCycleViewTest.release.xcconfig"; sourceTree = "<group>"; };
		AE5C9F262C2CE3800F7B3CB3 /* Pods_YXJCycleViewTest.framework */ = {isa = PBXFileReference; explicitFileType = wrapper.framework; includeInIndex = 0; path = Pods_YXJCycleViewTest.framework; sourceTree = BUILT_PRODUCTS_DIR; };
		DE3CC6941D5C438A00344B61 /* YXJCycleView1.gif */ = {isa = PBXFileReference; lastKnownFileType = image.gif; path = YXJCycleView1.gif; sourceTree = "<group>"; };
		DEC9D0B11D9EBD5700CE7C48 /* YXJCycleView.framework */ = {isa = PBXFileReference; explicitFileType = wrapper.framework; includeInIndex = 0; path = YXJCycleView.framework; sourceTree = BUILT_PRODUCTS_DIR; };
		DEC9D0B31D9EBD5700CE7C48 /* YXJCycleView ios.h */ = {isa = PBXFileReference; lastKnownFileType = sourcecode.c.h; path = "YXJCycleView ios.h"; sourceTree = "<group>"; };
		DEC9D0B41D9EBD5700CE7C48 /* Info.plist */ = {isa = PBXFileReference; lastKnownFileType = text.plist.xml; path = Info.plist; sourceTree = "<group>"; };
		DEC9D0BD1D9EBD7F00CE7C48 /* Info.plist */ = {isa = PBXFileReference; fileEncoding = 4; lastKnownFileType = text.plist.xml; path = Info.plist; sourceTree = "<group>"; };
		DEC9D0BF1D9EBD9300CE7C48 /* NSData+YXJDataCache.h */ = {isa = PBXFileReference; fileEncoding = 4; lastKnownFileType = sourcecode.c.h; name = "NSData+YXJDataCache.h"; path = "../../Pod/NSData+YXJDataCache.h"; sourceTree = "<group>"; };
		DEC9D0C01D9EBD9300CE7C48 /* NSData+YXJDataCache.m */ = {isa = PBXFileReference; fileEncoding = 4; lastKnownFileType = sourcecode.c.objc; name = "NSData+YXJDataCache.m"; path = "../../Pod/NSData+YXJDataCache.m"; sourceTree = "<group>"; };
		DEC9D0C11D9EBD9300CE7C48 /* UIView+YXJExtension.h */ = {isa = PBXFileReference; fileEncoding = 4; lastKnownFileType = sourcecode.c.h; name = "UIView+YXJExtension.h"; path = "../../Pod/UIView+YXJExtension.h"; sourceTree = "<group>"; };
		DEC9D0C21D9EBD9300CE7C48 /* UIView+YXJExtension.m */ = {isa = PBXFileReference; fileEncoding = 4; lastKnownFileType = sourcecode.c.objc; name = "UIView+YXJExtension.m"; path = "../../Pod/UIView+YXJExtension.m"; sourceTree = "<group>"; };
		DEC9D0C31D9EBD9300CE7C48 /* YXJCollectionViewCell.h */ = {isa = PBXFileReference; fileEncoding = 4; lastKnownFileType = sourcecode.c.h; name = YXJCollectionViewCell.h; path = ../../Pod/YXJCollectionViewCell.h; sourceTree = "<group>"; };
		DEC9D0C41D9EBD9300CE7C48 /* YXJCollectionViewCell.m */ = {isa = PBXFileReference; fileEncoding = 4; lastKnownFileType = sourcecode.c.objc; name = YXJCollectionViewCell.m; path = ../../Pod/YXJCollectionViewCell.m; sourceTree = "<group>"; };
		DEC9D0C51D9EBD9300CE7C48 /* YXJCycleScrollView.h */ = {isa = PBXFileReference; fileEncoding = 4; lastKnownFileType = sourcecode.c.h; name = YXJCycleScrollView.h; path = ../../Pod/YXJCycleScrollView.h; sourceTree = "<group>"; };
		DEC9D0C61D9EBD9300CE7C48 /* YXJCycleScrollView.m */ = {isa = PBXFileReference; fileEncoding = 4; lastKnownFileType = sourcecode.c.objc; name = YXJCycleScrollView.m; path = ../../Pod/YXJCycleScrollView.m; sourceTree = "<group>"; };
		DEC9D0CF1D9EBDA700CE7C48 /* YXJAbstractDotView.h */ = {isa = PBXFileReference; fileEncoding = 4; lastKnownFileType = sourcecode.c.h; name = YXJAbstractDotView.h; path = ../Pods/YXJPageController/Pod/YXJAbstractDotView.h; sourceTree = "<group>"; };
		DEC9D0D01D9EBDA700CE7C48 /* YXJAbstractDotView.m */ = {isa = PBXFileReference; fileEncoding = 4; lastKnownFileType = sourcecode.c.objc; name = YXJAbstractDotView.m; path = ../Pods/YXJPageController/Pod/YXJAbstractDotView.m; sourceTree = "<group>"; };
		DEC9D0D11D9EBDA700CE7C48 /* YXJAnimatedDotView.h */ = {isa = PBXFileReference; fileEncoding = 4; lastKnownFileType = sourcecode.c.h; name = YXJAnimatedDotView.h; path = ../Pods/YXJPageController/Pod/YXJAnimatedDotView.h; sourceTree = "<group>"; };
		DEC9D0D21D9EBDA700CE7C48 /* YXJAnimatedDotView.m */ = {isa = PBXFileReference; fileEncoding = 4; lastKnownFileType = sourcecode.c.objc; name = YXJAnimatedDotView.m; path = ../Pods/YXJPageController/Pod/YXJAnimatedDotView.m; sourceTree = "<group>"; };
		DEC9D0D31D9EBDA700CE7C48 /* YXJDotView.h */ = {isa = PBXFileReference; fileEncoding = 4; lastKnownFileType = sourcecode.c.h; name = YXJDotView.h; path = ../Pods/YXJPageController/Pod/YXJDotView.h; sourceTree = "<group>"; };
		DEC9D0D41D9EBDA700CE7C48 /* YXJDotView.m */ = {isa = PBXFileReference; fileEncoding = 4; lastKnownFileType = sourcecode.c.objc; name = YXJDotView.m; path = ../Pods/YXJPageController/Pod/YXJDotView.m; sourceTree = "<group>"; };
		DEC9D0D51D9EBDA700CE7C48 /* YXJPageControl.h */ = {isa = PBXFileReference; fileEncoding = 4; lastKnownFileType = sourcecode.c.h; name = YXJPageControl.h; path = ../Pods/YXJPageController/Pod/YXJPageControl.h; sourceTree = "<group>"; };
		DEC9D0D61D9EBDA700CE7C48 /* YXJPageControl.m */ = {isa = PBXFileReference; fileEncoding = 4; lastKnownFileType = sourcecode.c.objc; name = YXJPageControl.m; path = ../Pods/YXJPageController/Pod/YXJPageControl.m; sourceTree = "<group>"; };
		DEC9D0DF1D9EBF8F00CE7C48 /* YXJPageController.framework */ = {isa = PBXFileReference; lastKnownFileType = wrapper.framework; name = YXJPageController.framework; path = "../../../../Library/Developer/Xcode/DerivedData/YXJCycleViewTest-dlxmfccnrxghndgiupqhqzorqxyi/Build/Products/Debug-iphonesimulator/YXJPageController/YXJPageController.framework"; sourceTree = "<group>"; };
		DED5D58B1D5B7B04005A7F67 /* YXJCycleViewTest.app */ = {isa = PBXFileReference; explicitFileType = wrapper.application; includeInIndex = 0; path = YXJCycleViewTest.app; sourceTree = BUILT_PRODUCTS_DIR; };
		DED5D58E1D5B7B04005A7F67 /* AppDelegate.swift */ = {isa = PBXFileReference; lastKnownFileType = sourcecode.swift; path = AppDelegate.swift; sourceTree = "<group>"; };
		DED5D5901D5B7B04005A7F67 /* ViewController.swift */ = {isa = PBXFileReference; lastKnownFileType = sourcecode.swift; path = ViewController.swift; sourceTree = "<group>"; };
		DED5D5931D5B7B04005A7F67 /* Base */ = {isa = PBXFileReference; lastKnownFileType = file.storyboard; name = Base; path = Base.lproj/Main.storyboard; sourceTree = "<group>"; };
		DED5D5951D5B7B04005A7F67 /* Assets.xcassets */ = {isa = PBXFileReference; lastKnownFileType = folder.assetcatalog; path = Assets.xcassets; sourceTree = "<group>"; };
		DED5D5981D5B7B04005A7F67 /* Base */ = {isa = PBXFileReference; lastKnownFileType = file.storyboard; name = Base; path = Base.lproj/LaunchScreen.storyboard; sourceTree = "<group>"; };
/* End PBXFileReference section */

/* Begin PBXFrameworksBuildPhase section */
		DEC9D0AD1D9EBD5700CE7C48 /* Frameworks */ = {
			isa = PBXFrameworksBuildPhase;
			buildActionMask = 2147483647;
			files = (
			);
			runOnlyForDeploymentPostprocessing = 0;
		};
		DED5D5881D5B7B04005A7F67 /* Frameworks */ = {
			isa = PBXFrameworksBuildPhase;
			buildActionMask = 2147483647;
			files = (
				99B2913BC341BB31959F8009 /* Pods_YXJCycleViewTest.framework in Frameworks */,
				DEC9D0B81D9EBD5700CE7C48 /* YXJCycleView.framework in Frameworks */,
			);
			runOnlyForDeploymentPostprocessing = 0;
		};
/* End PBXFrameworksBuildPhase section */

/* Begin PBXGroup section */
		1F7132BDA0E931188315E8F0 /* Pods */ = {
			isa = PBXGroup;
			children = (
				48526E60BCABB1E619FFCEA8 /* Pods-YXJCycleViewTest.debug.xcconfig */,
				7D9C50E8E3ED838B9890EF07 /* Pods-YXJCycleViewTest.release.xcconfig */,
			);
			name = Pods;
			sourceTree = "<group>";
		};
		5520F21450AF080967C40DCF /* Frameworks */ = {
			isa = PBXGroup;
			children = (
				DEC9D0DF1D9EBF8F00CE7C48 /* YXJPageController.framework */,
				AE5C9F262C2CE3800F7B3CB3 /* Pods_YXJCycleViewTest.framework */,
			);
			name = Frameworks;
			sourceTree = "<group>";
		};
		DEC9D0B21D9EBD5700CE7C48 /* YXJCycleView ios */ = {
			isa = PBXGroup;
			children = (
				DEC9D0B31D9EBD5700CE7C48 /* YXJCycleView ios.h */,
				DEC9D0B41D9EBD5700CE7C48 /* Info.plist */,
				DEC9D0BF1D9EBD9300CE7C48 /* NSData+YXJDataCache.h */,
				DEC9D0C01D9EBD9300CE7C48 /* NSData+YXJDataCache.m */,
				DEC9D0C11D9EBD9300CE7C48 /* UIView+YXJExtension.h */,
				DEC9D0C21D9EBD9300CE7C48 /* UIView+YXJExtension.m */,
				DEC9D0C31D9EBD9300CE7C48 /* YXJCollectionViewCell.h */,
				DEC9D0C41D9EBD9300CE7C48 /* YXJCollectionViewCell.m */,
				DEC9D0C51D9EBD9300CE7C48 /* YXJCycleScrollView.h */,
				DEC9D0C61D9EBD9300CE7C48 /* YXJCycleScrollView.m */,
				DEC9D0CF1D9EBDA700CE7C48 /* YXJAbstractDotView.h */,
				DEC9D0D01D9EBDA700CE7C48 /* YXJAbstractDotView.m */,
				DEC9D0D11D9EBDA700CE7C48 /* YXJAnimatedDotView.h */,
				DEC9D0D21D9EBDA700CE7C48 /* YXJAnimatedDotView.m */,
				DEC9D0D31D9EBDA700CE7C48 /* YXJDotView.h */,
				DEC9D0D41D9EBDA700CE7C48 /* YXJDotView.m */,
				DEC9D0D51D9EBDA700CE7C48 /* YXJPageControl.h */,
				DEC9D0D61D9EBDA700CE7C48 /* YXJPageControl.m */,
			);
			path = "YXJCycleView ios";
			sourceTree = "<group>";
		};
		DED5D5821D5B7B04005A7F67 = {
			isa = PBXGroup;
			children = (
				DED5D58D1D5B7B04005A7F67 /* YXJCycleView */,
				DEC9D0B21D9EBD5700CE7C48 /* YXJCycleView ios */,
				DED5D58C1D5B7B04005A7F67 /* Products */,
				1F7132BDA0E931188315E8F0 /* Pods */,
				5520F21450AF080967C40DCF /* Frameworks */,
			);
			sourceTree = "<group>";
		};
		DED5D58C1D5B7B04005A7F67 /* Products */ = {
			isa = PBXGroup;
			children = (
				DED5D58B1D5B7B04005A7F67 /* YXJCycleViewTest.app */,
				DEC9D0B11D9EBD5700CE7C48 /* YXJCycleView.framework */,
			);
			name = Products;
			sourceTree = "<group>";
		};
		DED5D58D1D5B7B04005A7F67 /* YXJCycleView */ = {
			isa = PBXGroup;
			children = (
				DE3CC6941D5C438A00344B61 /* YXJCycleView1.gif */,
				DED5D58E1D5B7B04005A7F67 /* AppDelegate.swift */,
				DED5D5901D5B7B04005A7F67 /* ViewController.swift */,
				DED5D5921D5B7B04005A7F67 /* Main.storyboard */,
				DED5D5951D5B7B04005A7F67 /* Assets.xcassets */,
				DED5D5971D5B7B04005A7F67 /* LaunchScreen.storyboard */,
				DEC9D0BD1D9EBD7F00CE7C48 /* Info.plist */,
			);
			path = YXJCycleView;
			sourceTree = "<group>";
		};
/* End PBXGroup section */

/* Begin PBXHeadersBuildPhase section */
		DEC9D0AE1D9EBD5700CE7C48 /* Headers */ = {
			isa = PBXHeadersBuildPhase;
			buildActionMask = 2147483647;
			files = (
				DEC9D0C71D9EBD9300CE7C48 /* NSData+YXJDataCache.h in Headers */,
				DEC9D0C91D9EBD9300CE7C48 /* UIView+YXJExtension.h in Headers */,
				DEC9D0DD1D9EBDA700CE7C48 /* YXJPageControl.h in Headers */,
				DEC9D0CD1D9EBD9300CE7C48 /* YXJCycleScrollView.h in Headers */,
				DEC9D0D71D9EBDA700CE7C48 /* YXJAbstractDotView.h in Headers */,
				DEC9D0D91D9EBDA700CE7C48 /* YXJAnimatedDotView.h in Headers */,
				DEC9D0B51D9EBD5700CE7C48 /* YXJCycleView ios.h in Headers */,
				DEC9D0CB1D9EBD9300CE7C48 /* YXJCollectionViewCell.h in Headers */,
				DEC9D0DB1D9EBDA700CE7C48 /* YXJDotView.h in Headers */,
			);
			runOnlyForDeploymentPostprocessing = 0;
		};
/* End PBXHeadersBuildPhase section */

/* Begin PBXNativeTarget section */
		DEC9D0B01D9EBD5700CE7C48 /* YXJCycleView ios */ = {
			isa = PBXNativeTarget;
			buildConfigurationList = DEC9D0BA1D9EBD5700CE7C48 /* Build configuration list for PBXNativeTarget "YXJCycleView ios" */;
			buildPhases = (
				DEC9D0AC1D9EBD5700CE7C48 /* Sources */,
				DEC9D0AD1D9EBD5700CE7C48 /* Frameworks */,
				DEC9D0AE1D9EBD5700CE7C48 /* Headers */,
				DEC9D0AF1D9EBD5700CE7C48 /* Resources */,
			);
			buildRules = (
			);
			dependencies = (
			);
			name = "YXJCycleView ios";
			productName = "YXJCycleView ios";
			productReference = DEC9D0B11D9EBD5700CE7C48 /* YXJCycleView.framework */;
			productType = "com.apple.product-type.framework";
		};
		DED5D58A1D5B7B04005A7F67 /* YXJCycleViewTest */ = {
			isa = PBXNativeTarget;
			buildConfigurationList = DED5D59D1D5B7B04005A7F67 /* Build configuration list for PBXNativeTarget "YXJCycleViewTest" */;
			buildPhases = (
				AC24DF4D2B085FCED9EE2C11 /* [CP] Check Pods Manifest.lock */,
				DED5D5871D5B7B04005A7F67 /* Sources */,
				DED5D5881D5B7B04005A7F67 /* Frameworks */,
				DED5D5891D5B7B04005A7F67 /* Resources */,
				ABBB6C599E6C39F3C52236C6 /* [CP] Embed Pods Frameworks */,
				29FB0ACCC0F3DD39596F8138 /* [CP] Copy Pods Resources */,
				DEC9D0AB1D9EBD0200CE7C48 /* Embed Frameworks */,
			);
			buildRules = (
			);
			dependencies = (
				DEC9D0B71D9EBD5700CE7C48 /* PBXTargetDependency */,
			);
			name = YXJCycleViewTest;
			productName = YXJCycleView;
			productReference = DED5D58B1D5B7B04005A7F67 /* YXJCycleViewTest.app */;
			productType = "com.apple.product-type.application";
		};
/* End PBXNativeTarget section */

/* Begin PBXProject section */
		DED5D5831D5B7B04005A7F67 /* Project object */ = {
			isa = PBXProject;
			attributes = {
				LastSwiftUpdateCheck = 0730;
				LastUpgradeCheck = 0800;
				ORGANIZATIONNAME = "袁晓钧";
				TargetAttributes = {
					DEC9D0B01D9EBD5700CE7C48 = {
						CreatedOnToolsVersion = 8.0;
						ProvisioningStyle = Automatic;
					};
					DED5D58A1D5B7B04005A7F67 = {
						CreatedOnToolsVersion = 7.3.1;
						LastSwiftMigration = 0800;
					};
				};
			};
			buildConfigurationList = DED5D5861D5B7B04005A7F67 /* Build configuration list for PBXProject "YXJCycleViewTest" */;
			compatibilityVersion = "Xcode 3.2";
			developmentRegion = English;
			hasScannedForEncodings = 0;
			knownRegions = (
				en,
				Base,
			);
			mainGroup = DED5D5821D5B7B04005A7F67;
			productRefGroup = DED5D58C1D5B7B04005A7F67 /* Products */;
			projectDirPath = "";
			projectRoot = "";
			targets = (
				DED5D58A1D5B7B04005A7F67 /* YXJCycleViewTest */,
				DEC9D0B01D9EBD5700CE7C48 /* YXJCycleView ios */,
			);
		};
/* End PBXProject section */

/* Begin PBXResourcesBuildPhase section */
		DEC9D0AF1D9EBD5700CE7C48 /* Resources */ = {
			isa = PBXResourcesBuildPhase;
			buildActionMask = 2147483647;
			files = (
			);
			runOnlyForDeploymentPostprocessing = 0;
		};
		DED5D5891D5B7B04005A7F67 /* Resources */ = {
			isa = PBXResourcesBuildPhase;
			buildActionMask = 2147483647;
			files = (
				DE3CC6951D5C438A00344B61 /* YXJCycleView1.gif in Resources */,
				DED5D5991D5B7B04005A7F67 /* LaunchScreen.storyboard in Resources */,
				DED5D5961D5B7B04005A7F67 /* Assets.xcassets in Resources */,
				DEC9D0BE1D9EBD7F00CE7C48 /* Info.plist in Resources */,
				DED5D5941D5B7B04005A7F67 /* Main.storyboard in Resources */,
			);
			runOnlyForDeploymentPostprocessing = 0;
		};
/* End PBXResourcesBuildPhase section */

/* Begin PBXShellScriptBuildPhase section */
		29FB0ACCC0F3DD39596F8138 /* [CP] Copy Pods Resources */ = {
			isa = PBXShellScriptBuildPhase;
			buildActionMask = 2147483647;
			files = (
			);
			inputPaths = (
			);
			name = "[CP] Copy Pods Resources";
			outputPaths = (
			);
			runOnlyForDeploymentPostprocessing = 0;
			shellPath = /bin/sh;
			shellScript = "\"${SRCROOT}/Pods/Target Support Files/Pods-YXJCycleViewTest/Pods-YXJCycleViewTest-resources.sh\"\n";
			showEnvVarsInLog = 0;
		};
		ABBB6C599E6C39F3C52236C6 /* [CP] Embed Pods Frameworks */ = {
			isa = PBXShellScriptBuildPhase;
			buildActionMask = 2147483647;
			files = (
			);
			inputPaths = (
			);
			name = "[CP] Embed Pods Frameworks";
			outputPaths = (
			);
			runOnlyForDeploymentPostprocessing = 0;
			shellPath = /bin/sh;
			shellScript = "\"${SRCROOT}/Pods/Target Support Files/Pods-YXJCycleViewTest/Pods-YXJCycleViewTest-frameworks.sh\"\n";
			showEnvVarsInLog = 0;
		};
		AC24DF4D2B085FCED9EE2C11 /* [CP] Check Pods Manifest.lock */ = {
			isa = PBXShellScriptBuildPhase;
			buildActionMask = 2147483647;
			files = (
			);
			inputPaths = (
			);
			name = "[CP] Check Pods Manifest.lock";
			outputPaths = (
			);
			runOnlyForDeploymentPostprocessing = 0;
			shellPath = /bin/sh;
			shellScript = "diff \"${PODS_ROOT}/../Podfile.lock\" \"${PODS_ROOT}/Manifest.lock\" > /dev/null\nif [[ $? != 0 ]] ; then\n    cat << EOM\nerror: The sandbox is not in sync with the Podfile.lock. Run 'pod install' or update your CocoaPods installation.\nEOM\n    exit 1\nfi\n";
			showEnvVarsInLog = 0;
		};
/* End PBXShellScriptBuildPhase section */

/* Begin PBXSourcesBuildPhase section */
		DEC9D0AC1D9EBD5700CE7C48 /* Sources */ = {
			isa = PBXSourcesBuildPhase;
			buildActionMask = 2147483647;
			files = (
				DEC9D0CE1D9EBD9300CE7C48 /* YXJCycleScrollView.m in Sources */,
				DEC9D0D81D9EBDA700CE7C48 /* YXJAbstractDotView.m in Sources */,
				DEC9D0CC1D9EBD9300CE7C48 /* YXJCollectionViewCell.m in Sources */,
				DEC9D0DC1D9EBDA700CE7C48 /* YXJDotView.m in Sources */,
				DEC9D0DE1D9EBDA700CE7C48 /* YXJPageControl.m in Sources */,
				DEC9D0CA1D9EBD9300CE7C48 /* UIView+YXJExtension.m in Sources */,
				DEC9D0C81D9EBD9300CE7C48 /* NSData+YXJDataCache.m in Sources */,
				DEC9D0DA1D9EBDA700CE7C48 /* YXJAnimatedDotView.m in Sources */,
			);
			runOnlyForDeploymentPostprocessing = 0;
		};
		DED5D5871D5B7B04005A7F67 /* Sources */ = {
			isa = PBXSourcesBuildPhase;
			buildActionMask = 2147483647;
			files = (
				DED5D5911D5B7B04005A7F67 /* ViewController.swift in Sources */,
				DED5D58F1D5B7B04005A7F67 /* AppDelegate.swift in Sources */,
			);
			runOnlyForDeploymentPostprocessing = 0;
		};
/* End PBXSourcesBuildPhase section */

/* Begin PBXTargetDependency section */
		DEC9D0B71D9EBD5700CE7C48 /* PBXTargetDependency */ = {
			isa = PBXTargetDependency;
			target = DEC9D0B01D9EBD5700CE7C48 /* YXJCycleView ios */;
			targetProxy = DEC9D0B61D9EBD5700CE7C48 /* PBXContainerItemProxy */;
		};
/* End PBXTargetDependency section */

/* Begin PBXVariantGroup section */
		DED5D5921D5B7B04005A7F67 /* Main.storyboard */ = {
			isa = PBXVariantGroup;
			children = (
				DED5D5931D5B7B04005A7F67 /* Base */,
			);
			name = Main.storyboard;
			sourceTree = "<group>";
		};
		DED5D5971D5B7B04005A7F67 /* LaunchScreen.storyboard */ = {
			isa = PBXVariantGroup;
			children = (
				DED5D5981D5B7B04005A7F67 /* Base */,
			);
			name = LaunchScreen.storyboard;
			sourceTree = "<group>";
		};
/* End PBXVariantGroup section */

/* Begin XCBuildConfiguration section */
		DEC9D0BB1D9EBD5700CE7C48 /* Debug */ = {
			isa = XCBuildConfiguration;
			buildSettings = {
				CLANG_WARN_DOCUMENTATION_COMMENTS = YES;
				CLANG_WARN_SUSPICIOUS_MOVES = YES;
				CODE_SIGN_IDENTITY = "";
				CURRENT_PROJECT_VERSION = 1;
				DEFINES_MODULE = YES;
				DYLIB_COMPATIBILITY_VERSION = 1;
				DYLIB_CURRENT_VERSION = 1;
				DYLIB_INSTALL_NAME_BASE = "@rpath";
				INFOPLIST_FILE = "YXJCycleView ios/Info.plist";
				INSTALL_PATH = "$(LOCAL_LIBRARY_DIR)/Frameworks";
				IPHONEOS_DEPLOYMENT_TARGET = 10.0;
				LD_RUNPATH_SEARCH_PATHS = "$(inherited) @executable_path/Frameworks @loader_path/Frameworks";
				PRODUCT_BUNDLE_IDENTIFIER = "com.YXJ.YXJCycleView-ios";
				PRODUCT_MODULE_NAME = YXJCycleView;
				PRODUCT_NAME = YXJCycleView;
				SKIP_INSTALL = YES;
				SWIFT_ACTIVE_COMPILATION_CONDITIONS = DEBUG;
				SWIFT_VERSION = 3.0;
				TARGETED_DEVICE_FAMILY = "1,2";
				VERSIONING_SYSTEM = "apple-generic";
				VERSION_INFO_PREFIX = "";
			};
			name = Debug;
		};
		DEC9D0BC1D9EBD5700CE7C48 /* Release */ = {
			isa = XCBuildConfiguration;
			buildSettings = {
				CLANG_WARN_DOCUMENTATION_COMMENTS = YES;
				CLANG_WARN_SUSPICIOUS_MOVES = YES;
				CODE_SIGN_IDENTITY = "";
				CURRENT_PROJECT_VERSION = 1;
				DEFINES_MODULE = YES;
				DYLIB_COMPATIBILITY_VERSION = 1;
				DYLIB_CURRENT_VERSION = 1;
				DYLIB_INSTALL_NAME_BASE = "@rpath";
				INFOPLIST_FILE = "YXJCycleView ios/Info.plist";
				INSTALL_PATH = "$(LOCAL_LIBRARY_DIR)/Frameworks";
				IPHONEOS_DEPLOYMENT_TARGET = 10.0;
				LD_RUNPATH_SEARCH_PATHS = "$(inherited) @executable_path/Frameworks @loader_path/Frameworks";
				PRODUCT_BUNDLE_IDENTIFIER = "com.YXJ.YXJCycleView-ios";
				PRODUCT_MODULE_NAME = YXJCycleView;
				PRODUCT_NAME = YXJCycleView;
				SKIP_INSTALL = YES;
				SWIFT_VERSION = 3.0;
				TARGETED_DEVICE_FAMILY = "1,2";
				VERSIONING_SYSTEM = "apple-generic";
				VERSION_INFO_PREFIX = "";
			};
			name = Release;
		};
		DED5D59B1D5B7B04005A7F67 /* Debug */ = {
			isa = XCBuildConfiguration;
			buildSettings = {
				ALWAYS_SEARCH_USER_PATHS = NO;
				CLANG_ANALYZER_NONNULL = YES;
				CLANG_CXX_LANGUAGE_STANDARD = "gnu++0x";
				CLANG_CXX_LIBRARY = "libc++";
				CLANG_ENABLE_MODULES = YES;
				CLANG_ENABLE_OBJC_ARC = YES;
				CLANG_WARN_BOOL_CONVERSION = YES;
				CLANG_WARN_CONSTANT_CONVERSION = YES;
				CLANG_WARN_DIRECT_OBJC_ISA_USAGE = YES_ERROR;
				CLANG_WARN_EMPTY_BODY = YES;
				CLANG_WARN_ENUM_CONVERSION = YES;
				CLANG_WARN_INFINITE_RECURSION = YES;
				CLANG_WARN_INT_CONVERSION = YES;
				CLANG_WARN_OBJC_ROOT_CLASS = YES_ERROR;
				CLANG_WARN_SUSPICIOUS_MOVE = YES;
				CLANG_WARN_UNREACHABLE_CODE = YES;
				CLANG_WARN__DUPLICATE_METHOD_MATCH = YES;
				"CODE_SIGN_IDENTITY[sdk=iphoneos*]" = "iPhone Developer";
				COPY_PHASE_STRIP = NO;
				DEBUG_INFORMATION_FORMAT = dwarf;
				ENABLE_STRICT_OBJC_MSGSEND = YES;
				ENABLE_TESTABILITY = YES;
				GCC_C_LANGUAGE_STANDARD = gnu99;
				GCC_DYNAMIC_NO_PIC = NO;
				GCC_NO_COMMON_BLOCKS = YES;
				GCC_OPTIMIZATION_LEVEL = 0;
				GCC_PREPROCESSOR_DEFINITIONS = (
					"DEBUG=1",
					"$(inherited)",
				);
				GCC_WARN_64_TO_32_BIT_CONVERSION = YES;
				GCC_WARN_ABOUT_RETURN_TYPE = YES_ERROR;
				GCC_WARN_UNDECLARED_SELECTOR = YES;
				GCC_WARN_UNINITIALIZED_AUTOS = YES_AGGRESSIVE;
				GCC_WARN_UNUSED_FUNCTION = YES;
				GCC_WARN_UNUSED_VARIABLE = YES;
				IPHONEOS_DEPLOYMENT_TARGET = 9.3;
				MTL_ENABLE_DEBUG_INFO = YES;
				ONLY_ACTIVE_ARCH = YES;
				SDKROOT = iphoneos;
				SWIFT_OPTIMIZATION_LEVEL = "-Onone";
			};
			name = Debug;
		};
		DED5D59C1D5B7B04005A7F67 /* Release */ = {
			isa = XCBuildConfiguration;
			buildSettings = {
				ALWAYS_SEARCH_USER_PATHS = NO;
				CLANG_ANALYZER_NONNULL = YES;
				CLANG_CXX_LANGUAGE_STANDARD = "gnu++0x";
				CLANG_CXX_LIBRARY = "libc++";
				CLANG_ENABLE_MODULES = YES;
				CLANG_ENABLE_OBJC_ARC = YES;
				CLANG_WARN_BOOL_CONVERSION = YES;
				CLANG_WARN_CONSTANT_CONVERSION = YES;
				CLANG_WARN_DIRECT_OBJC_ISA_USAGE = YES_ERROR;
				CLANG_WARN_EMPTY_BODY = YES;
				CLANG_WARN_ENUM_CONVERSION = YES;
				CLANG_WARN_INFINITE_RECURSION = YES;
				CLANG_WARN_INT_CONVERSION = YES;
				CLANG_WARN_OBJC_ROOT_CLASS = YES_ERROR;
				CLANG_WARN_SUSPICIOUS_MOVE = YES;
				CLANG_WARN_UNREACHABLE_CODE = YES;
				CLANG_WARN__DUPLICATE_METHOD_MATCH = YES;
				"CODE_SIGN_IDENTITY[sdk=iphoneos*]" = "iPhone Developer";
				COPY_PHASE_STRIP = NO;
				DEBUG_INFORMATION_FORMAT = "dwarf-with-dsym";
				ENABLE_NS_ASSERTIONS = NO;
				ENABLE_STRICT_OBJC_MSGSEND = YES;
				GCC_C_LANGUAGE_STANDARD = gnu99;
				GCC_NO_COMMON_BLOCKS = YES;
				GCC_WARN_64_TO_32_BIT_CONVERSION = YES;
				GCC_WARN_ABOUT_RETURN_TYPE = YES_ERROR;
				GCC_WARN_UNDECLARED_SELECTOR = YES;
				GCC_WARN_UNINITIALIZED_AUTOS = YES_AGGRESSIVE;
				GCC_WARN_UNUSED_FUNCTION = YES;
				GCC_WARN_UNUSED_VARIABLE = YES;
				IPHONEOS_DEPLOYMENT_TARGET = 9.3;
				MTL_ENABLE_DEBUG_INFO = NO;
				SDKROOT = iphoneos;
				SWIFT_OPTIMIZATION_LEVEL = "-Owholemodule";
				VALIDATE_PRODUCT = YES;
			};
			name = Release;
		};
		DED5D59E1D5B7B04005A7F67 /* Debug */ = {
			isa = XCBuildConfiguration;
			baseConfigurationReference = 48526E60BCABB1E619FFCEA8 /* Pods-YXJCycleViewTest.debug.xcconfig */;
			buildSettings = {
				ASSETCATALOG_COMPILER_APPICON_NAME = AppIcon;
				INFOPLIST_FILE = YXJCycleView/Info.plist;
				LD_RUNPATH_SEARCH_PATHS = "$(inherited) @executable_path/Frameworks";
				PRODUCT_BUNDLE_IDENTIFIER = com.YXJ.YXJCycleView;
				PRODUCT_NAME = YXJCycleViewTest;
				SWIFT_VERSION = 3.0;
			};
			name = Debug;
		};
		DED5D59F1D5B7B04005A7F67 /* Release */ = {
			isa = XCBuildConfiguration;
			baseConfigurationReference = 7D9C50E8E3ED838B9890EF07 /* Pods-YXJCycleViewTest.release.xcconfig */;
			buildSettings = {
				ASSETCATALOG_COMPILER_APPICON_NAME = AppIcon;
				INFOPLIST_FILE = YXJCycleView/Info.plist;
				LD_RUNPATH_SEARCH_PATHS = "$(inherited) @executable_path/Frameworks";
				PRODUCT_BUNDLE_IDENTIFIER = com.YXJ.YXJCycleView;
				PRODUCT_NAME = YXJCycleViewTest;
				SWIFT_VERSION = 3.0;
			};
			name = Release;
		};
/* End XCBuildConfiguration section */

/* Begin XCConfigurationList section */
		DEC9D0BA1D9EBD5700CE7C48 /* Build configuration list for PBXNativeTarget "YXJCycleView ios" */ = {
			isa = XCConfigurationList;
			buildConfigurations = (
				DEC9D0BB1D9EBD5700CE7C48 /* Debug */,
				DEC9D0BC1D9EBD5700CE7C48 /* Release */,
			);
			defaultConfigurationIsVisible = 0;
		};
		DED5D5861D5B7B04005A7F67 /* Build configuration list for PBXProject "YXJCycleViewTest" */ = {
			isa = XCConfigurationList;
			buildConfigurations = (
				DED5D59B1D5B7B04005A7F67 /* Debug */,
				DED5D59C1D5B7B04005A7F67 /* Release */,
			);
			defaultConfigurationIsVisible = 0;
			defaultConfigurationName = Release;
		};
		DED5D59D1D5B7B04005A7F67 /* Build configuration list for PBXNativeTarget "YXJCycleViewTest" */ = {
			isa = XCConfigurationList;
			buildConfigurations = (
				DED5D59E1D5B7B04005A7F67 /* Debug */,
				DED5D59F1D5B7B04005A7F67 /* Release */,
			);
			defaultConfigurationIsVisible = 0;
			defaultConfigurationName = Release;
		};
/* End XCConfigurationList section */
	};
	rootObject = DED5D5831D5B7B04005A7F67 /* Project object */;
}
